
Microsoft Visual Studio Solution File, Format Version 12.00
# Visual Studio Version 16
VisualStudioVersion = 16.0.33423.256
MinimumVisualStudioVersion = 10.0.40219.1
Project("{FAE04EC0-301F-11D3-BF4B-00C04F79EFBC}") = "TrabajoPractico7", "TrabajoPractico7.csproj", "{77F2A927-2E99-4D86-9874-9D5EE2835781}"
EndProject
Global
	GlobalSection(SolutionConfigurationPlatforms) = preSolution
		Debug|Any CPU = Debug|Any CPU
		Release|Any CPU = Release|Any CPU
	EndGlobalSection
	GlobalSection(ProjectConfigurationPlatforms) = postSolution
		{77F2A927-2E99-4D86-9874-9D5EE2835781}.Debug|Any CPU.ActiveCfg = Debug|Any CPU
		{77F2A927-2E99-4D86-9874-9D5EE2835781}.Debug|Any CPU.Build.0 = Debug|Any CPU
		{77F2A927-2E99-4D86-9874-9D5EE2835781}.Release|Any CPU.ActiveCfg = Release|Any CPU
		{77F2A927-2E99-4D86-9874-9D5EE2835781}.Release|Any CPU.Build.0 = Release|Any CPU
	EndGlobalSection
	GlobalSection(SolutionProperties) = preSolution
		HideSolutionNode = FALSE
	EndGlobalSection
	GlobalSection(ExtensibilityGlobals) = postSolution
		SolutionGuid = {53A23515-6FDF-49ED-87AD-45AC0A7E28F8}
	EndGlobalSection
EndGlobal
